
Microsoft Visual Studio Solution File, Format Version 12.00
# Visual Studio Version 16
VisualStudioVersion = 16.0.29503.13
MinimumVisualStudioVersion = 10.0.40219.1
Project("{9A19103F-16F7-4668-BE54-9A1E7A4F7556}") = "MtgSimulator", "ConsoleApp1\MtgSimulator.csproj", "{F1BFBC5D-8586-4E4E-8DA5-FCB6B21CB8DF}"
EndProject
Project("{9A19103F-16F7-4668-BE54-9A1E7A4F7556}") = "MtgSimulator.Domain", "MtgSimulator.Domain\MtgSimulator.Domain.csproj", "{DDF79EE0-9A6C-494A-B7DC-42AC2791A1F7}"
EndProject
Project("{FAE04EC0-301F-11D3-BF4B-00C04F79EFBC}") = "MtgSimulator.Cards", "MtgSimulator.Cards\MtgSimulator.Cards.csproj", "{49D4A81E-30D9-4EF4-9A44-8BE65528262B}"
EndProject
Project("{2150E333-8FDC-42A3-9474-1A3956D46DE8}") = "Solution Items", "Solution Items", "{10B42875-4F50-4CD9-A83D-BBB8C7FE23EE}"
	ProjectSection(SolutionItems) = preProject
		Decklists\SultaiFood.csv = Decklists\SultaiFood.csv
	EndProjectSection
EndProject
Project("{FAE04EC0-301F-11D3-BF4B-00C04F79EFBC}") = "MtgSimulator.Domain.Tests", "MtgSimulator.Domain.Tests\MtgSimulator.Domain.Tests.csproj", "{FA6ADCB6-73DB-49BA-8A5F-8AC14929094D}"
EndProject
Global
	GlobalSection(SolutionConfigurationPlatforms) = preSolution
		Debug|Any CPU = Debug|Any CPU
		Release|Any CPU = Release|Any CPU
	EndGlobalSection
	GlobalSection(ProjectConfigurationPlatforms) = postSolution
		{F1BFBC5D-8586-4E4E-8DA5-FCB6B21CB8DF}.Debug|Any CPU.ActiveCfg = Debug|Any CPU
		{F1BFBC5D-8586-4E4E-8DA5-FCB6B21CB8DF}.Debug|Any CPU.Build.0 = Debug|Any CPU
		{F1BFBC5D-8586-4E4E-8DA5-FCB6B21CB8DF}.Release|Any CPU.ActiveCfg = Release|Any CPU
		{F1BFBC5D-8586-4E4E-8DA5-FCB6B21CB8DF}.Release|Any CPU.Build.0 = Release|Any CPU
		{DDF79EE0-9A6C-494A-B7DC-42AC2791A1F7}.Debug|Any CPU.ActiveCfg = Debug|Any CPU
		{DDF79EE0-9A6C-494A-B7DC-42AC2791A1F7}.Debug|Any CPU.Build.0 = Debug|Any CPU
		{DDF79EE0-9A6C-494A-B7DC-42AC2791A1F7}.Release|Any CPU.ActiveCfg = Release|Any CPU
		{DDF79EE0-9A6C-494A-B7DC-42AC2791A1F7}.Release|Any CPU.Build.0 = Release|Any CPU
		{49D4A81E-30D9-4EF4-9A44-8BE65528262B}.Debug|Any CPU.ActiveCfg = Debug|Any CPU
		{49D4A81E-30D9-4EF4-9A44-8BE65528262B}.Debug|Any CPU.Build.0 = Debug|Any CPU
		{49D4A81E-30D9-4EF4-9A44-8BE65528262B}.Release|Any CPU.ActiveCfg = Release|Any CPU
		{49D4A81E-30D9-4EF4-9A44-8BE65528262B}.Release|Any CPU.Build.0 = Release|Any CPU
		{FA6ADCB6-73DB-49BA-8A5F-8AC14929094D}.Debug|Any CPU.ActiveCfg = Debug|Any CPU
		{FA6ADCB6-73DB-49BA-8A5F-8AC14929094D}.Debug|Any CPU.Build.0 = Debug|Any CPU
		{FA6ADCB6-73DB-49BA-8A5F-8AC14929094D}.Release|Any CPU.ActiveCfg = Release|Any CPU
		{FA6ADCB6-73DB-49BA-8A5F-8AC14929094D}.Release|Any CPU.Build.0 = Release|Any CPU
	EndGlobalSection
	GlobalSection(SolutionProperties) = preSolution
		HideSolutionNode = FALSE
	EndGlobalSection
	GlobalSection(ExtensibilityGlobals) = postSolution
		SolutionGuid = {B95A6418-F5A0-4B11-9541-FFF71B803BB7}
	EndGlobalSection
EndGlobal
